
Microsoft Visual Studio Solution File, Format Version 12.00
# Visual Studio 15
VisualStudioVersion = 15.0.28307.329
MinimumVisualStudioVersion = 10.0.40219.1
Project("{FAE04EC0-301F-11D3-BF4B-00C04F79EFBC}") = "Ted Wallick", "Ted Wallick\Ted Wallick.csproj", "{61BC64C5-783C-4826-9BAD-A83801D6FFFF}"
EndProject
Global
	GlobalSection(SolutionConfigurationPlatforms) = preSolution
		Debug|Any CPU = Debug|Any CPU
		Release|Any CPU = Release|Any CPU
	EndGlobalSection
	GlobalSection(ProjectConfigurationPlatforms) = postSolution
		{61BC64C5-783C-4826-9BAD-A83801D6FFFF}.Debug|Any CPU.ActiveCfg = Debug|Any CPU
		{61BC64C5-783C-4826-9BAD-A83801D6FFFF}.Debug|Any CPU.Build.0 = Debug|Any CPU
		{61BC64C5-783C-4826-9BAD-A83801D6FFFF}.Release|Any CPU.ActiveCfg = Release|Any CPU
		{61BC64C5-783C-4826-9BAD-A83801D6FFFF}.Release|Any CPU.Build.0 = Release|Any CPU
	EndGlobalSection
	GlobalSection(SolutionProperties) = preSolution
		HideSolutionNode = FALSE
	EndGlobalSection
	GlobalSection(ExtensibilityGlobals) = postSolution
		SolutionGuid = {8EF67C77-2550-40A7-A5AA-B73EB369F45B}
	EndGlobalSection
EndGlobal
